// !$*UTF8*$!
{
	archiveVersion = 1;
	classes = {
	};
	objectVersion = 55;
	objects = {

/* Begin PBXBuildFile section */
		D312643F279164730056F06E /* SignupViewModel.swift in Sources */ = {isa = PBXBuildFile; fileRef = D312643E279164730056F06E /* SignupViewModel.swift */; };
		D3126441279166730056F06E /* LoginViewController.swift in Sources */ = {isa = PBXBuildFile; fileRef = D3126440279166730056F06E /* LoginViewController.swift */; };
		D3126443279168E90056F06E /* SignupViewController.swift in Sources */ = {isa = PBXBuildFile; fileRef = D3126442279168E90056F06E /* SignupViewController.swift */; };
		D3126445279178190056F06E /* LoginViewModelCoordinatorDelegate.swift in Sources */ = {isa = PBXBuildFile; fileRef = D3126444279178190056F06E /* LoginViewModelCoordinatorDelegate.swift */; };
		D3126447279179390056F06E /* SignupViewModelCoordinatorDelegate.swift in Sources */ = {isa = PBXBuildFile; fileRef = D3126446279179390056F06E /* SignupViewModelCoordinatorDelegate.swift */; };
		D3632426279EF7B900AF682F /* LoginCoordinator.swift in Sources */ = {isa = PBXBuildFile; fileRef = D3632425279EF7B900AF682F /* LoginCoordinator.swift */; };
		D3632428279EFA2E00AF682F /* SignupCoordinator.swift in Sources */ = {isa = PBXBuildFile; fileRef = D3632427279EFA2E00AF682F /* SignupCoordinator.swift */; };
		D3A2F3D727901642007990B9 /* AppDelegate.swift in Sources */ = {isa = PBXBuildFile; fileRef = D3A2F3D627901642007990B9 /* AppDelegate.swift */; };
		D3A2F3DE27901642007990B9 /* Main.storyboard in Resources */ = {isa = PBXBuildFile; fileRef = D3A2F3DC27901642007990B9 /* Main.storyboard */; };
		D3A2F3E027901643007990B9 /* Assets.xcassets in Resources */ = {isa = PBXBuildFile; fileRef = D3A2F3DF27901643007990B9 /* Assets.xcassets */; };
		D3A2F3E327901643007990B9 /* LaunchScreen.storyboard in Resources */ = {isa = PBXBuildFile; fileRef = D3A2F3E127901643007990B9 /* LaunchScreen.storyboard */; };
		D3A2F3EB279016BB007990B9 /* Coordinator.swift in Sources */ = {isa = PBXBuildFile; fileRef = D3A2F3EA279016BB007990B9 /* Coordinator.swift */; };
		D3A2F3ED2790173C007990B9 /* AppCoordinator.swift in Sources */ = {isa = PBXBuildFile; fileRef = D3A2F3EC2790173C007990B9 /* AppCoordinator.swift */; };
		D3D94B27279026B200EA221A /* LoginViewModel.swift in Sources */ = {isa = PBXBuildFile; fileRef = D3D94B26279026B200EA221A /* LoginViewModel.swift */; };
/* End PBXBuildFile section */

/* Begin PBXFileReference section */
		D312643E279164730056F06E /* SignupViewModel.swift */ = {isa = PBXFileReference; lastKnownFileType = sourcecode.swift; path = SignupViewModel.swift; sourceTree = "<group>"; };
		D3126440279166730056F06E /* LoginViewController.swift */ = {isa = PBXFileReference; lastKnownFileType = sourcecode.swift; path = LoginViewController.swift; sourceTree = "<group>"; };
		D3126442279168E90056F06E /* SignupViewController.swift */ = {isa = PBXFileReference; lastKnownFileType = sourcecode.swift; path = SignupViewController.swift; sourceTree = "<group>"; };
		D3126444279178190056F06E /* LoginViewModelCoordinatorDelegate.swift */ = {isa = PBXFileReference; lastKnownFileType = sourcecode.swift; path = LoginViewModelCoordinatorDelegate.swift; sourceTree = "<group>"; };
		D3126446279179390056F06E /* SignupViewModelCoordinatorDelegate.swift */ = {isa = PBXFileReference; lastKnownFileType = sourcecode.swift; path = SignupViewModelCoordinatorDelegate.swift; sourceTree = "<group>"; };
		D3632425279EF7B900AF682F /* LoginCoordinator.swift */ = {isa = PBXFileReference; lastKnownFileType = sourcecode.swift; path = LoginCoordinator.swift; sourceTree = "<group>"; };
		D3632427279EFA2E00AF682F /* SignupCoordinator.swift */ = {isa = PBXFileReference; lastKnownFileType = sourcecode.swift; path = SignupCoordinator.swift; sourceTree = "<group>"; };
		D3A2F3D327901642007990B9 /* CoordinatorExample.app */ = {isa = PBXFileReference; explicitFileType = wrapper.application; includeInIndex = 0; path = CoordinatorExample.app; sourceTree = BUILT_PRODUCTS_DIR; };
		D3A2F3D627901642007990B9 /* AppDelegate.swift */ = {isa = PBXFileReference; lastKnownFileType = sourcecode.swift; path = AppDelegate.swift; sourceTree = "<group>"; };
		D3A2F3DD27901642007990B9 /* Base */ = {isa = PBXFileReference; lastKnownFileType = file.storyboard; name = Base; path = Base.lproj/Main.storyboard; sourceTree = "<group>"; };
		D3A2F3DF27901643007990B9 /* Assets.xcassets */ = {isa = PBXFileReference; lastKnownFileType = folder.assetcatalog; path = Assets.xcassets; sourceTree = "<group>"; };
		D3A2F3E227901643007990B9 /* Base */ = {isa = PBXFileReference; lastKnownFileType = file.storyboard; name = Base; path = Base.lproj/LaunchScreen.storyboard; sourceTree = "<group>"; };
		D3A2F3E427901643007990B9 /* Info.plist */ = {isa = PBXFileReference; lastKnownFileType = text.plist.xml; path = Info.plist; sourceTree = "<group>"; };
		D3A2F3EA279016BB007990B9 /* Coordinator.swift */ = {isa = PBXFileReference; lastKnownFileType = sourcecode.swift; path = Coordinator.swift; sourceTree = "<group>"; };
		D3A2F3EC2790173C007990B9 /* AppCoordinator.swift */ = {isa = PBXFileReference; lastKnownFileType = sourcecode.swift; path = AppCoordinator.swift; sourceTree = "<group>"; };
		D3D94B26279026B200EA221A /* LoginViewModel.swift */ = {isa = PBXFileReference; lastKnownFileType = sourcecode.swift; path = LoginViewModel.swift; sourceTree = "<group>"; };
/* End PBXFileReference section */

/* Begin PBXFrameworksBuildPhase section */
		D3A2F3D027901642007990B9 /* Frameworks */ = {
			isa = PBXFrameworksBuildPhase;
			buildActionMask = 2147483647;
			files = (
			);
			runOnlyForDeploymentPostprocessing = 0;
		};
/* End PBXFrameworksBuildPhase section */

/* Begin PBXGroup section */
		D312643D279164560056F06E /* Signup */ = {
			isa = PBXGroup;
			children = (
				D312643E279164730056F06E /* SignupViewModel.swift */,
				D3126442279168E90056F06E /* SignupViewController.swift */,
				D3126446279179390056F06E /* SignupViewModelCoordinatorDelegate.swift */,
				D3632427279EFA2E00AF682F /* SignupCoordinator.swift */,
			);
			path = Signup;
			sourceTree = "<group>";
		};
		D3A2F3CA27901642007990B9 = {
			isa = PBXGroup;
			children = (
				D3A2F3D527901642007990B9 /* CoordinatorExample */,
				D3A2F3D427901642007990B9 /* Products */,
			);
			sourceTree = "<group>";
		};
		D3A2F3D427901642007990B9 /* Products */ = {
			isa = PBXGroup;
			children = (
				D3A2F3D327901642007990B9 /* CoordinatorExample.app */,
			);
			name = Products;
			sourceTree = "<group>";
		};
		D3A2F3D527901642007990B9 /* CoordinatorExample */ = {
			isa = PBXGroup;
			children = (
				D3D94B252790269C00EA221A /* Login */,
				D312643D279164560056F06E /* Signup */,
				D3A2F3D627901642007990B9 /* AppDelegate.swift */,
				D3A2F3EC2790173C007990B9 /* AppCoordinator.swift */,
				D3A2F3EA279016BB007990B9 /* Coordinator.swift */,
				D3A2F3DC27901642007990B9 /* Main.storyboard */,
				D3A2F3DF27901643007990B9 /* Assets.xcassets */,
				D3A2F3E127901643007990B9 /* LaunchScreen.storyboard */,
				D3A2F3E427901643007990B9 /* Info.plist */,
			);
			path = CoordinatorExample;
			sourceTree = "<group>";
		};
		D3D94B252790269C00EA221A /* Login */ = {
			isa = PBXGroup;
			children = (
				D3D94B26279026B200EA221A /* LoginViewModel.swift */,
				D3126440279166730056F06E /* LoginViewController.swift */,
				D3126444279178190056F06E /* LoginViewModelCoordinatorDelegate.swift */,
				D3632425279EF7B900AF682F /* LoginCoordinator.swift */,
			);
			path = Login;
			sourceTree = "<group>";
		};
/* End PBXGroup section */

/* Begin PBXNativeTarget section */
		D3A2F3D227901642007990B9 /* CoordinatorExample */ = {
			isa = PBXNativeTarget;
			buildConfigurationList = D3A2F3E727901643007990B9 /* Build configuration list for PBXNativeTarget "CoordinatorExample" */;
			buildPhases = (
				D3A2F3CF27901642007990B9 /* Sources */,
				D3A2F3D027901642007990B9 /* Frameworks */,
				D3A2F3D127901642007990B9 /* Resources */,
			);
			buildRules = (
			);
			dependencies = (
			);
			name = CoordinatorExample;
			productName = CoordinatorExample;
			productReference = D3A2F3D327901642007990B9 /* CoordinatorExample.app */;
			productType = "com.apple.product-type.application";
		};
/* End PBXNativeTarget section */

/* Begin PBXProject section */
		D3A2F3CB27901642007990B9 /* Project object */ = {
			isa = PBXProject;
			attributes = {
				BuildIndependentTargetsInParallel = 1;
				LastSwiftUpdateCheck = 1320;
				LastUpgradeCheck = 1320;
				TargetAttributes = {
					D3A2F3D227901642007990B9 = {
						CreatedOnToolsVersion = 13.2.1;
					};
				};
			};
			buildConfigurationList = D3A2F3CE27901642007990B9 /* Build configuration list for PBXProject "CoordinatorExample" */;
			compatibilityVersion = "Xcode 13.0";
			developmentRegion = en;
			hasScannedForEncodings = 0;
			knownRegions = (
				en,
				Base,
			);
			mainGroup = D3A2F3CA27901642007990B9;
			productRefGroup = D3A2F3D427901642007990B9 /* Products */;
			projectDirPath = "";
			projectRoot = "";
			targets = (
				D3A2F3D227901642007990B9 /* CoordinatorExample */,
			);
		};
/* End PBXProject section */

/* Begin PBXResourcesBuildPhase section */
		D3A2F3D127901642007990B9 /* Resources */ = {
			isa = PBXResourcesBuildPhase;
			buildActionMask = 2147483647;
			files = (
				D3A2F3E327901643007990B9 /* LaunchScreen.storyboard in Resources */,
				D3A2F3E027901643007990B9 /* Assets.xcassets in Resources */,
				D3A2F3DE27901642007990B9 /* Main.storyboard in Resources */,
			);
			runOnlyForDeploymentPostprocessing = 0;
		};
/* End PBXResourcesBuildPhase section */

/* Begin PBXSourcesBuildPhase section */
		D3A2F3CF27901642007990B9 /* Sources */ = {
			isa = PBXSourcesBuildPhase;
			buildActionMask = 2147483647;
			files = (
				D3126441279166730056F06E /* LoginViewController.swift in Sources */,
				D312643F279164730056F06E /* SignupViewModel.swift in Sources */,
				D3632426279EF7B900AF682F /* LoginCoordinator.swift in Sources */,
				D3126447279179390056F06E /* SignupViewModelCoordinatorDelegate.swift in Sources */,
				D3126443279168E90056F06E /* SignupViewController.swift in Sources */,
				D3A2F3EB279016BB007990B9 /* Coordinator.swift in Sources */,
				D3A2F3ED2790173C007990B9 /* AppCoordinator.swift in Sources */,
				D3D94B27279026B200EA221A /* LoginViewModel.swift in Sources */,
				D3126445279178190056F06E /* LoginViewModelCoordinatorDelegate.swift in Sources */,
				D3A2F3D727901642007990B9 /* AppDelegate.swift in Sources */,
				D3632428279EFA2E00AF682F /* SignupCoordinator.swift in Sources */,
			);
			runOnlyForDeploymentPostprocessing = 0;
		};
/* End PBXSourcesBuildPhase section */

/* Begin PBXVariantGroup section */
		D3A2F3DC27901642007990B9 /* Main.storyboard */ = {
			isa = PBXVariantGroup;
			children = (
				D3A2F3DD27901642007990B9 /* Base */,
			);
			name = Main.storyboard;
			sourceTree = "<group>";
		};
		D3A2F3E127901643007990B9 /* LaunchScreen.storyboard */ = {
			isa = PBXVariantGroup;
			children = (
				D3A2F3E227901643007990B9 /* Base */,
			);
			name = LaunchScreen.storyboard;
			sourceTree = "<group>";
		};
/* End PBXVariantGroup section */

/* Begin XCBuildConfiguration section */
		D3A2F3E527901643007990B9 /* Debug */ = {
			isa = XCBuildConfiguration;
			buildSettings = {
				ALWAYS_SEARCH_USER_PATHS = NO;
				CLANG_ANALYZER_NONNULL = YES;
				CLANG_ANALYZER_NUMBER_OBJECT_CONVERSION = YES_AGGRESSIVE;
				CLANG_CXX_LANGUAGE_STANDARD = "gnu++17";
				CLANG_CXX_LIBRARY = "libc++";
				CLANG_ENABLE_MODULES = YES;
				CLANG_ENABLE_OBJC_ARC = YES;
				CLANG_ENABLE_OBJC_WEAK = YES;
				CLANG_WARN_BLOCK_CAPTURE_AUTORELEASING = YES;
				CLANG_WARN_BOOL_CONVERSION = YES;
				CLANG_WARN_COMMA = YES;
				CLANG_WARN_CONSTANT_CONVERSION = YES;
				CLANG_WARN_DEPRECATED_OBJC_IMPLEMENTATIONS = YES;
				CLANG_WARN_DIRECT_OBJC_ISA_USAGE = YES_ERROR;
				CLANG_WARN_DOCUMENTATION_COMMENTS = YES;
				CLANG_WARN_EMPTY_BODY = YES;
				CLANG_WARN_ENUM_CONVERSION = YES;
				CLANG_WARN_INFINITE_RECURSION = YES;
				CLANG_WARN_INT_CONVERSION = YES;
				CLANG_WARN_NON_LITERAL_NULL_CONVERSION = YES;
				CLANG_WARN_OBJC_IMPLICIT_RETAIN_SELF = YES;
				CLANG_WARN_OBJC_LITERAL_CONVERSION = YES;
				CLANG_WARN_OBJC_ROOT_CLASS = YES_ERROR;
				CLANG_WARN_QUOTED_INCLUDE_IN_FRAMEWORK_HEADER = YES;
				CLANG_WARN_RANGE_LOOP_ANALYSIS = YES;
				CLANG_WARN_STRICT_PROTOTYPES = YES;
				CLANG_WARN_SUSPICIOUS_MOVE = YES;
				CLANG_WARN_UNGUARDED_AVAILABILITY = YES_AGGRESSIVE;
				CLANG_WARN_UNREACHABLE_CODE = YES;
				CLANG_WARN__DUPLICATE_METHOD_MATCH = YES;
				COPY_PHASE_STRIP = NO;
				DEBUG_INFORMATION_FORMAT = dwarf;
				ENABLE_STRICT_OBJC_MSGSEND = YES;
				ENABLE_TESTABILITY = YES;
				GCC_C_LANGUAGE_STANDARD = gnu11;
				GCC_DYNAMIC_NO_PIC = NO;
				GCC_NO_COMMON_BLOCKS = YES;
				GCC_OPTIMIZATION_LEVEL = 0;
				GCC_PREPROCESSOR_DEFINITIONS = (
					"DEBUG=1",
					"$(inherited)",
				);
				GCC_WARN_64_TO_32_BIT_CONVERSION = YES;
				GCC_WARN_ABOUT_RETURN_TYPE = YES_ERROR;
				GCC_WARN_UNDECLARED_SELECTOR = YES;
				GCC_WARN_UNINITIALIZED_AUTOS = YES_AGGRESSIVE;
				GCC_WARN_UNUSED_FUNCTION = YES;
				GCC_WARN_UNUSED_VARIABLE = YES;
				IPHONEOS_DEPLOYMENT_TARGET = 15.2;
				MTL_ENABLE_DEBUG_INFO = INCLUDE_SOURCE;
				MTL_FAST_MATH = YES;
				ONLY_ACTIVE_ARCH = YES;
				SDKROOT = iphoneos;
				SWIFT_ACTIVE_COMPILATION_CONDITIONS = DEBUG;
				SWIFT_OPTIMIZATION_LEVEL = "-Onone";
			};
			name = Debug;
		};
		D3A2F3E627901643007990B9 /* Release */ = {
			isa = XCBuildConfiguration;
			buildSettings = {
				ALWAYS_SEARCH_USER_PATHS = NO;
				CLANG_ANALYZER_NONNULL = YES;
				CLANG_ANALYZER_NUMBER_OBJECT_CONVERSION = YES_AGGRESSIVE;
				CLANG_CXX_LANGUAGE_STANDARD = "gnu++17";
				CLANG_CXX_LIBRARY = "libc++";
				CLANG_ENABLE_MODULES = YES;
				CLANG_ENABLE_OBJC_ARC = YES;
				CLANG_ENABLE_OBJC_WEAK = YES;
				CLANG_WARN_BLOCK_CAPTURE_AUTORELEASING = YES;
				CLANG_WARN_BOOL_CONVERSION = YES;
				CLANG_WARN_COMMA = YES;
				CLANG_WARN_CONSTANT_CONVERSION = YES;
				CLANG_WARN_DEPRECATED_OBJC_IMPLEMENTATIONS = YES;
				CLANG_WARN_DIRECT_OBJC_ISA_USAGE = YES_ERROR;
				CLANG_WARN_DOCUMENTATION_COMMENTS = YES;
				CLANG_WARN_EMPTY_BODY = YES;
				CLANG_WARN_ENUM_CONVERSION = YES;
				CLANG_WARN_INFINITE_RECURSION = YES;
				CLANG_WARN_INT_CONVERSION = YES;
				CLANG_WARN_NON_LITERAL_NULL_CONVERSION = YES;
				CLANG_WARN_OBJC_IMPLICIT_RETAIN_SELF = YES;
				CLANG_WARN_OBJC_LITERAL_CONVERSION = YES;
				CLANG_WARN_OBJC_ROOT_CLASS = YES_ERROR;
				CLANG_WARN_QUOTED_INCLUDE_IN_FRAMEWORK_HEADER = YES;
				CLANG_WARN_RANGE_LOOP_ANALYSIS = YES;
				CLANG_WARN_STRICT_PROTOTYPES = YES;
				CLANG_WARN_SUSPICIOUS_MOVE = YES;
				CLANG_WARN_UNGUARDED_AVAILABILITY = YES_AGGRESSIVE;
				CLANG_WARN_UNREACHABLE_CODE = YES;
				CLANG_WARN__DUPLICATE_METHOD_MATCH = YES;
				COPY_PHASE_STRIP = NO;
				DEBUG_INFORMATION_FORMAT = "dwarf-with-dsym";
				ENABLE_NS_ASSERTIONS = NO;
				ENABLE_STRICT_OBJC_MSGSEND = YES;
				GCC_C_LANGUAGE_STANDARD = gnu11;
				GCC_NO_COMMON_BLOCKS = YES;
				GCC_WARN_64_TO_32_BIT_CONVERSION = YES;
				GCC_WARN_ABOUT_RETURN_TYPE = YES_ERROR;
				GCC_WARN_UNDECLARED_SELECTOR = YES;
				GCC_WARN_UNINITIALIZED_AUTOS = YES_AGGRESSIVE;
				GCC_WARN_UNUSED_FUNCTION = YES;
				GCC_WARN_UNUSED_VARIABLE = YES;
				IPHONEOS_DEPLOYMENT_TARGET = 15.2;
				MTL_ENABLE_DEBUG_INFO = NO;
				MTL_FAST_MATH = YES;
				SDKROOT = iphoneos;
				SWIFT_COMPILATION_MODE = wholemodule;
				SWIFT_OPTIMIZATION_LEVEL = "-O";
				VALIDATE_PRODUCT = YES;
			};
			name = Release;
		};
		D3A2F3E827901643007990B9 /* Debug */ = {
			isa = XCBuildConfiguration;
			buildSettings = {
				ASSETCATALOG_COMPILER_APPICON_NAME = AppIcon;
				ASSETCATALOG_COMPILER_GLOBAL_ACCENT_COLOR_NAME = AccentColor;
				CODE_SIGN_STYLE = Automatic;
				CURRENT_PROJECT_VERSION = 1;
				DEVELOPMENT_TEAM = S466XVVRMQ;
				GENERATE_INFOPLIST_FILE = YES;
				INFOPLIST_FILE = CoordinatorExample/Info.plist;
				INFOPLIST_KEY_UIApplicationSupportsIndirectInputEvents = YES;
				INFOPLIST_KEY_UILaunchStoryboardName = LaunchScreen;
				INFOPLIST_KEY_UIMainStoryboardFile = Main;
				INFOPLIST_KEY_UISupportedInterfaceOrientations_iPad = "UIInterfaceOrientationPortrait UIInterfaceOrientationPortraitUpsideDown UIInterfaceOrientationLandscapeLeft UIInterfaceOrientationLandscapeRight";
				INFOPLIST_KEY_UISupportedInterfaceOrientations_iPhone = "UIInterfaceOrientationPortrait UIInterfaceOrientationLandscapeLeft UIInterfaceOrientationLandscapeRight";
				LD_RUNPATH_SEARCH_PATHS = (
					"$(inherited)",
					"@executable_path/Frameworks",
				);
				MARKETING_VERSION = 1.0;
				PRODUCT_BUNDLE_IDENTIFIER = com.bogutzky.CoordinatorExample;
				PRODUCT_NAME = "$(TARGET_NAME)";
				SWIFT_EMIT_LOC_STRINGS = YES;
				SWIFT_VERSION = 5.0;
				TARGETED_DEVICE_FAMILY = "1,2";
			};
			name = Debug;
		};
		D3A2F3E927901643007990B9 /* Release */ = {
			isa = XCBuildConfiguration;
			buildSettings = {
				ASSETCATALOG_COMPILER_APPICON_NAME = AppIcon;
				ASSETCATALOG_COMPILER_GLOBAL_ACCENT_COLOR_NAME = AccentColor;
				CODE_SIGN_STYLE = Automatic;
				CURRENT_PROJECT_VERSION = 1;
				DEVELOPMENT_TEAM = S466XVVRMQ;
				GENERATE_INFOPLIST_FILE = YES;
				INFOPLIST_FILE = CoordinatorExample/Info.plist;
				INFOPLIST_KEY_UIApplicationSupportsIndirectInputEvents = YES;
				INFOPLIST_KEY_UILaunchStoryboardName = LaunchScreen;
				INFOPLIST_KEY_UIMainStoryboardFile = Main;
				INFOPLIST_KEY_UISupportedInterfaceOrientations_iPad = "UIInterfaceOrientationPortrait UIInterfaceOrientationPortraitUpsideDown UIInterfaceOrientationLandscapeLeft UIInterfaceOrientationLandscapeRight";
				INFOPLIST_KEY_UISupportedInterfaceOrientations_iPhone = "UIInterfaceOrientationPortrait UIInterfaceOrientationLandscapeLeft UIInterfaceOrientationLandscapeRight";
				LD_RUNPATH_SEARCH_PATHS = (
					"$(inherited)",
					"@executable_path/Frameworks",
				);
				MARKETING_VERSION = 1.0;
				PRODUCT_BUNDLE_IDENTIFIER = com.bogutzky.CoordinatorExample;
				PRODUCT_NAME = "$(TARGET_NAME)";
				SWIFT_EMIT_LOC_STRINGS = YES;
				SWIFT_VERSION = 5.0;
				TARGETED_DEVICE_FAMILY = "1,2";
			};
			name = Release;
		};
/* End XCBuildConfiguration section */

/* Begin XCConfigurationList section */
		D3A2F3CE27901642007990B9 /* Build configuration list for PBXProject "CoordinatorExample" */ = {
			isa = XCConfigurationList;
			buildConfigurations = (
				D3A2F3E527901643007990B9 /* Debug */,
				D3A2F3E627901643007990B9 /* Release */,
			);
			defaultConfigurationIsVisible = 0;
			defaultConfigurationName = Release;
		};
		D3A2F3E727901643007990B9 /* Build configuration list for PBXNativeTarget "CoordinatorExample" */ = {
			isa = XCConfigurationList;
			buildConfigurations = (
				D3A2F3E827901643007990B9 /* Debug */,
				D3A2F3E927901643007990B9 /* Release */,
			);
			defaultConfigurationIsVisible = 0;
			defaultConfigurationName = Release;
		};
/* End XCConfigurationList section */
	};
	rootObject = D3A2F3CB27901642007990B9 /* Project object */;
}
